
Microsoft Visual Studio Solution File, Format Version 12.00
# Visual Studio 15
VisualStudioVersion = 15.0.27130.2036
MinimumVisualStudioVersion = 10.0.40219.1
Project("{FAE04EC0-301F-11D3-BF4B-00C04F79EFBC}") = "ImageScraper", "ImageScraper\ImageScraper.csproj", "{25FA2338-ACBF-4D43-A572-BD694A4E8B63}"
	ProjectSection(ProjectDependencies) = postProject
		{D5234331-BC98-408A-ACCE-B62CD7B5155F} = {D5234331-BC98-408A-ACCE-B62CD7B5155F}
		{2F95298F-0DC4-4DC5-9246-26CF244423AB} = {2F95298F-0DC4-4DC5-9246-26CF244423AB}
		{4150A3A6-2081-49B4-AB5A-7A2FC3EA6994} = {4150A3A6-2081-49B4-AB5A-7A2FC3EA6994}
		{20A25AF9-46D8-4A3A-A7FC-4FBC66179860} = {20A25AF9-46D8-4A3A-A7FC-4FBC66179860}
	EndProjectSection
EndProject
Project("{FAE04EC0-301F-11D3-BF4B-00C04F79EFBC}") = "UrlContainer", "UrlContainer\UrlContainer.csproj", "{2F95298F-0DC4-4DC5-9246-26CF244423AB}"
EndProject
Project("{FAE04EC0-301F-11D3-BF4B-00C04F79EFBC}") = "HtmlContainer", "HtmlContainer\HtmlContainer.csproj", "{4150A3A6-2081-49B4-AB5A-7A2FC3EA6994}"
	ProjectSection(ProjectDependencies) = postProject
		{2F95298F-0DC4-4DC5-9246-26CF244423AB} = {2F95298F-0DC4-4DC5-9246-26CF244423AB}
	EndProjectSection
EndProject
Project("{2150E333-8FDC-42A3-9474-1A3956D46DE8}") = "Plugins", "Plugins", "{7B998739-777F-4BB8-83ED-B01776EDAC6F}"
EndProject
Project("{FAE04EC0-301F-11D3-BF4B-00C04F79EFBC}") = "Utilities", "ImageScraper.Utilities\Utilities.csproj", "{D5234331-BC98-408A-ACCE-B62CD7B5155F}"
EndProject
Project("{FAE04EC0-301F-11D3-BF4B-00C04F79EFBC}") = "PixivParser", "ImageScraper.Plugins\PixivParser\PixivParser.csproj", "{48082A2F-7779-4CAC-8942-7EA6F85F073E}"
	ProjectSection(ProjectDependencies) = postProject
		{D5234331-BC98-408A-ACCE-B62CD7B5155F} = {D5234331-BC98-408A-ACCE-B62CD7B5155F}
		{2F95298F-0DC4-4DC5-9246-26CF244423AB} = {2F95298F-0DC4-4DC5-9246-26CF244423AB}
		{4150A3A6-2081-49B4-AB5A-7A2FC3EA6994} = {4150A3A6-2081-49B4-AB5A-7A2FC3EA6994}
		{20A25AF9-46D8-4A3A-A7FC-4FBC66179860} = {20A25AF9-46D8-4A3A-A7FC-4FBC66179860}
	EndProjectSection
EndProject
Project("{FAE04EC0-301F-11D3-BF4B-00C04F79EFBC}") = "IPlugin", "ImageScraper.Plugins\PluginInterface\IPlugin.csproj", "{20A25AF9-46D8-4A3A-A7FC-4FBC66179860}"
	ProjectSection(ProjectDependencies) = postProject
		{D5234331-BC98-408A-ACCE-B62CD7B5155F} = {D5234331-BC98-408A-ACCE-B62CD7B5155F}
		{2F95298F-0DC4-4DC5-9246-26CF244423AB} = {2F95298F-0DC4-4DC5-9246-26CF244423AB}
		{4150A3A6-2081-49B4-AB5A-7A2FC3EA6994} = {4150A3A6-2081-49B4-AB5A-7A2FC3EA6994}
	EndProjectSection
EndProject
Project("{FAE04EC0-301F-11D3-BF4B-00C04F79EFBC}") = "SeigaParser", "ImageScraper.Plugins\SeigaParser\SeigaParser.csproj", "{5E624426-E526-463F-AB85-66CF40639FFF}"
	ProjectSection(ProjectDependencies) = postProject
		{D5234331-BC98-408A-ACCE-B62CD7B5155F} = {D5234331-BC98-408A-ACCE-B62CD7B5155F}
		{2F95298F-0DC4-4DC5-9246-26CF244423AB} = {2F95298F-0DC4-4DC5-9246-26CF244423AB}
		{4150A3A6-2081-49B4-AB5A-7A2FC3EA6994} = {4150A3A6-2081-49B4-AB5A-7A2FC3EA6994}
		{20A25AF9-46D8-4A3A-A7FC-4FBC66179860} = {20A25AF9-46D8-4A3A-A7FC-4FBC66179860}
	EndProjectSection
EndProject
Project("{FAE04EC0-301F-11D3-BF4B-00C04F79EFBC}") = "CookieEditor", "ImageScraper.Plugins\CookieEditor\CookieEditor.csproj", "{5C42A51F-5B0D-4286-BB16-257356E0535C}"
	ProjectSection(ProjectDependencies) = postProject
		{D5234331-BC98-408A-ACCE-B62CD7B5155F} = {D5234331-BC98-408A-ACCE-B62CD7B5155F}
		{2F95298F-0DC4-4DC5-9246-26CF244423AB} = {2F95298F-0DC4-4DC5-9246-26CF244423AB}
		{20A25AF9-46D8-4A3A-A7FC-4FBC66179860} = {20A25AF9-46D8-4A3A-A7FC-4FBC66179860}
	EndProjectSection
EndProject
Global
	GlobalSection(SolutionConfigurationPlatforms) = preSolution
		Debug|Any CPU = Debug|Any CPU
		Debug|x64 = Debug|x64
		Debug|x86 = Debug|x86
		Release|Any CPU = Release|Any CPU
		Release|x64 = Release|x64
		Release|x86 = Release|x86
	EndGlobalSection
	GlobalSection(ProjectConfigurationPlatforms) = postSolution
		{25FA2338-ACBF-4D43-A572-BD694A4E8B63}.Debug|Any CPU.ActiveCfg = Debug|Any CPU
		{25FA2338-ACBF-4D43-A572-BD694A4E8B63}.Debug|Any CPU.Build.0 = Debug|Any CPU
		{25FA2338-ACBF-4D43-A572-BD694A4E8B63}.Debug|x64.ActiveCfg = Debug|x86
		{25FA2338-ACBF-4D43-A572-BD694A4E8B63}.Debug|x64.Build.0 = Debug|x86
		{25FA2338-ACBF-4D43-A572-BD694A4E8B63}.Debug|x86.ActiveCfg = Debug|x86
		{25FA2338-ACBF-4D43-A572-BD694A4E8B63}.Debug|x86.Build.0 = Debug|x86
		{25FA2338-ACBF-4D43-A572-BD694A4E8B63}.Release|Any CPU.ActiveCfg = Release|Any CPU
		{25FA2338-ACBF-4D43-A572-BD694A4E8B63}.Release|Any CPU.Build.0 = Release|Any CPU
		{25FA2338-ACBF-4D43-A572-BD694A4E8B63}.Release|x64.ActiveCfg = Release|x64
		{25FA2338-ACBF-4D43-A572-BD694A4E8B63}.Release|x64.Build.0 = Release|x64
		{25FA2338-ACBF-4D43-A572-BD694A4E8B63}.Release|x86.ActiveCfg = Release|x86
		{25FA2338-ACBF-4D43-A572-BD694A4E8B63}.Release|x86.Build.0 = Release|x86
		{2F95298F-0DC4-4DC5-9246-26CF244423AB}.Debug|Any CPU.ActiveCfg = Debug|Any CPU
		{2F95298F-0DC4-4DC5-9246-26CF244423AB}.Debug|Any CPU.Build.0 = Debug|Any CPU
		{2F95298F-0DC4-4DC5-9246-26CF244423AB}.Debug|x64.ActiveCfg = Debug|Any CPU
		{2F95298F-0DC4-4DC5-9246-26CF244423AB}.Debug|x64.Build.0 = Debug|Any CPU
		{2F95298F-0DC4-4DC5-9246-26CF244423AB}.Debug|x86.ActiveCfg = Debug|Any CPU
		{2F95298F-0DC4-4DC5-9246-26CF244423AB}.Debug|x86.Build.0 = Debug|Any CPU
		{2F95298F-0DC4-4DC5-9246-26CF244423AB}.Release|Any CPU.ActiveCfg = Release|Any CPU
		{2F95298F-0DC4-4DC5-9246-26CF244423AB}.Release|Any CPU.Build.0 = Release|Any CPU
		{2F95298F-0DC4-4DC5-9246-26CF244423AB}.Release|x64.ActiveCfg = Release|Any CPU
		{2F95298F-0DC4-4DC5-9246-26CF244423AB}.Release|x64.Build.0 = Release|Any CPU
		{2F95298F-0DC4-4DC5-9246-26CF244423AB}.Release|x86.ActiveCfg = Release|Any CPU
		{2F95298F-0DC4-4DC5-9246-26CF244423AB}.Release|x86.Build.0 = Release|Any CPU
		{4150A3A6-2081-49B4-AB5A-7A2FC3EA6994}.Debug|Any CPU.ActiveCfg = Debug|Any CPU
		{4150A3A6-2081-49B4-AB5A-7A2FC3EA6994}.Debug|Any CPU.Build.0 = Debug|Any CPU
		{4150A3A6-2081-49B4-AB5A-7A2FC3EA6994}.Debug|x64.ActiveCfg = Debug|Any CPU
		{4150A3A6-2081-49B4-AB5A-7A2FC3EA6994}.Debug|x64.Build.0 = Debug|Any CPU
		{4150A3A6-2081-49B4-AB5A-7A2FC3EA6994}.Debug|x86.ActiveCfg = Debug|Any CPU
		{4150A3A6-2081-49B4-AB5A-7A2FC3EA6994}.Debug|x86.Build.0 = Debug|Any CPU
		{4150A3A6-2081-49B4-AB5A-7A2FC3EA6994}.Release|Any CPU.ActiveCfg = Release|Any CPU
		{4150A3A6-2081-49B4-AB5A-7A2FC3EA6994}.Release|Any CPU.Build.0 = Release|Any CPU
		{4150A3A6-2081-49B4-AB5A-7A2FC3EA6994}.Release|x64.ActiveCfg = Release|Any CPU
		{4150A3A6-2081-49B4-AB5A-7A2FC3EA6994}.Release|x64.Build.0 = Release|Any CPU
		{4150A3A6-2081-49B4-AB5A-7A2FC3EA6994}.Release|x86.ActiveCfg = Release|Any CPU
		{4150A3A6-2081-49B4-AB5A-7A2FC3EA6994}.Release|x86.Build.0 = Release|Any CPU
		{D5234331-BC98-408A-ACCE-B62CD7B5155F}.Debug|Any CPU.ActiveCfg = Debug|Any CPU
		{D5234331-BC98-408A-ACCE-B62CD7B5155F}.Debug|Any CPU.Build.0 = Debug|Any CPU
		{D5234331-BC98-408A-ACCE-B62CD7B5155F}.Debug|x64.ActiveCfg = Debug|Any CPU
		{D5234331-BC98-408A-ACCE-B62CD7B5155F}.Debug|x64.Build.0 = Debug|Any CPU
		{D5234331-BC98-408A-ACCE-B62CD7B5155F}.Debug|x86.ActiveCfg = Debug|Any CPU
		{D5234331-BC98-408A-ACCE-B62CD7B5155F}.Debug|x86.Build.0 = Debug|Any CPU
		{D5234331-BC98-408A-ACCE-B62CD7B5155F}.Release|Any CPU.ActiveCfg = Release|Any CPU
		{D5234331-BC98-408A-ACCE-B62CD7B5155F}.Release|Any CPU.Build.0 = Release|Any CPU
		{D5234331-BC98-408A-ACCE-B62CD7B5155F}.Release|x64.ActiveCfg = Release|Any CPU
		{D5234331-BC98-408A-ACCE-B62CD7B5155F}.Release|x64.Build.0 = Release|Any CPU
		{D5234331-BC98-408A-ACCE-B62CD7B5155F}.Release|x86.ActiveCfg = Release|Any CPU
		{D5234331-BC98-408A-ACCE-B62CD7B5155F}.Release|x86.Build.0 = Release|Any CPU
		{48082A2F-7779-4CAC-8942-7EA6F85F073E}.Debug|Any CPU.ActiveCfg = Debug|Any CPU
		{48082A2F-7779-4CAC-8942-7EA6F85F073E}.Debug|Any CPU.Build.0 = Debug|Any CPU
		{48082A2F-7779-4CAC-8942-7EA6F85F073E}.Debug|x64.ActiveCfg = Debug|Any CPU
		{48082A2F-7779-4CAC-8942-7EA6F85F073E}.Debug|x64.Build.0 = Debug|Any CPU
		{48082A2F-7779-4CAC-8942-7EA6F85F073E}.Debug|x86.ActiveCfg = Debug|Any CPU
		{48082A2F-7779-4CAC-8942-7EA6F85F073E}.Debug|x86.Build.0 = Debug|Any CPU
		{48082A2F-7779-4CAC-8942-7EA6F85F073E}.Release|Any CPU.ActiveCfg = Release|Any CPU
		{48082A2F-7779-4CAC-8942-7EA6F85F073E}.Release|Any CPU.Build.0 = Release|Any CPU
		{48082A2F-7779-4CAC-8942-7EA6F85F073E}.Release|x64.ActiveCfg = Release|Any CPU
		{48082A2F-7779-4CAC-8942-7EA6F85F073E}.Release|x64.Build.0 = Release|Any CPU
		{48082A2F-7779-4CAC-8942-7EA6F85F073E}.Release|x86.ActiveCfg = Release|Any CPU
		{48082A2F-7779-4CAC-8942-7EA6F85F073E}.Release|x86.Build.0 = Release|Any CPU
		{20A25AF9-46D8-4A3A-A7FC-4FBC66179860}.Debug|Any CPU.ActiveCfg = Debug|Any CPU
		{20A25AF9-46D8-4A3A-A7FC-4FBC66179860}.Debug|Any CPU.Build.0 = Debug|Any CPU
		{20A25AF9-46D8-4A3A-A7FC-4FBC66179860}.Debug|x64.ActiveCfg = Debug|Any CPU
		{20A25AF9-46D8-4A3A-A7FC-4FBC66179860}.Debug|x64.Build.0 = Debug|Any CPU
		{20A25AF9-46D8-4A3A-A7FC-4FBC66179860}.Debug|x86.ActiveCfg = Debug|Any CPU
		{20A25AF9-46D8-4A3A-A7FC-4FBC66179860}.Debug|x86.Build.0 = Debug|Any CPU
		{20A25AF9-46D8-4A3A-A7FC-4FBC66179860}.Release|Any CPU.ActiveCfg = Release|Any CPU
		{20A25AF9-46D8-4A3A-A7FC-4FBC66179860}.Release|Any CPU.Build.0 = Release|Any CPU
		{20A25AF9-46D8-4A3A-A7FC-4FBC66179860}.Release|x64.ActiveCfg = Release|Any CPU
		{20A25AF9-46D8-4A3A-A7FC-4FBC66179860}.Release|x64.Build.0 = Release|Any CPU
		{20A25AF9-46D8-4A3A-A7FC-4FBC66179860}.Release|x86.ActiveCfg = Release|Any CPU
		{20A25AF9-46D8-4A3A-A7FC-4FBC66179860}.Release|x86.Build.0 = Release|Any CPU
		{5E624426-E526-463F-AB85-66CF40639FFF}.Debug|Any CPU.ActiveCfg = Debug|Any CPU
		{5E624426-E526-463F-AB85-66CF40639FFF}.Debug|Any CPU.Build.0 = Debug|Any CPU
		{5E624426-E526-463F-AB85-66CF40639FFF}.Debug|x64.ActiveCfg = Debug|Any CPU
		{5E624426-E526-463F-AB85-66CF40639FFF}.Debug|x64.Build.0 = Debug|Any CPU
		{5E624426-E526-463F-AB85-66CF40639FFF}.Debug|x86.ActiveCfg = Debug|Any CPU
		{5E624426-E526-463F-AB85-66CF40639FFF}.Debug|x86.Build.0 = Debug|Any CPU
		{5E624426-E526-463F-AB85-66CF40639FFF}.Release|Any CPU.ActiveCfg = Release|Any CPU
		{5E624426-E526-463F-AB85-66CF40639FFF}.Release|Any CPU.Build.0 = Release|Any CPU
		{5E624426-E526-463F-AB85-66CF40639FFF}.Release|x64.ActiveCfg = Release|Any CPU
		{5E624426-E526-463F-AB85-66CF40639FFF}.Release|x64.Build.0 = Release|Any CPU
		{5E624426-E526-463F-AB85-66CF40639FFF}.Release|x86.ActiveCfg = Release|Any CPU
		{5E624426-E526-463F-AB85-66CF40639FFF}.Release|x86.Build.0 = Release|Any CPU
		{5C42A51F-5B0D-4286-BB16-257356E0535C}.Debug|Any CPU.ActiveCfg = Debug|Any CPU
		{5C42A51F-5B0D-4286-BB16-257356E0535C}.Debug|Any CPU.Build.0 = Debug|Any CPU
		{5C42A51F-5B0D-4286-BB16-257356E0535C}.Debug|x64.ActiveCfg = Debug|Any CPU
		{5C42A51F-5B0D-4286-BB16-257356E0535C}.Debug|x64.Build.0 = Debug|Any CPU
		{5C42A51F-5B0D-4286-BB16-257356E0535C}.Debug|x86.ActiveCfg = Debug|Any CPU
		{5C42A51F-5B0D-4286-BB16-257356E0535C}.Debug|x86.Build.0 = Debug|Any CPU
		{5C42A51F-5B0D-4286-BB16-257356E0535C}.Release|Any CPU.ActiveCfg = Release|Any CPU
		{5C42A51F-5B0D-4286-BB16-257356E0535C}.Release|Any CPU.Build.0 = Release|Any CPU
		{5C42A51F-5B0D-4286-BB16-257356E0535C}.Release|x64.ActiveCfg = Release|Any CPU
		{5C42A51F-5B0D-4286-BB16-257356E0535C}.Release|x64.Build.0 = Release|Any CPU
		{5C42A51F-5B0D-4286-BB16-257356E0535C}.Release|x86.ActiveCfg = Release|Any CPU
		{5C42A51F-5B0D-4286-BB16-257356E0535C}.Release|x86.Build.0 = Release|Any CPU
	EndGlobalSection
	GlobalSection(SolutionProperties) = preSolution
		HideSolutionNode = FALSE
	EndGlobalSection
	GlobalSection(NestedProjects) = preSolution
		{48082A2F-7779-4CAC-8942-7EA6F85F073E} = {7B998739-777F-4BB8-83ED-B01776EDAC6F}
		{20A25AF9-46D8-4A3A-A7FC-4FBC66179860} = {7B998739-777F-4BB8-83ED-B01776EDAC6F}
		{5E624426-E526-463F-AB85-66CF40639FFF} = {7B998739-777F-4BB8-83ED-B01776EDAC6F}
		{5C42A51F-5B0D-4286-BB16-257356E0535C} = {7B998739-777F-4BB8-83ED-B01776EDAC6F}
	EndGlobalSection
	GlobalSection(ExtensibilityGlobals) = postSolution
		SolutionGuid = {D7A813D6-EA7C-4E3A-8ED9-5E52E7A16E61}
	EndGlobalSection
EndGlobal
